<?xml version="1.0" encoding="utf-8"?>
<Project ToolsVersion="4.0" xmlns="http://schemas.microsoft.com/developer/msbuild/2003">
  <ItemGroup>
    <Filter Include="Source Files">
      <UniqueIdentifier>{4FC737F1-C7A5-4376-A066-2A32D752A2FF}</UniqueIdentifier>
      <Extensions>cpp;c;cc;cxx;def;odl;idl;hpj;bat;asm;asmx</Extensions>
    </Filter>
    <Filter Include="Header Files">
      <UniqueIdentifier>{93995380-89BD-4b04-88EB-625FBE52EBFB}</UniqueIdentifier>
      <Extensions>h;hh;hpp;hxx;hm;inl;inc;xsd</Extensions>
    </Filter>
    <Filter Include="Resource Files">
      <UniqueIdentifier>{67DA6AB6-F800-4c08-8B7A-83BB121AAD01}</UniqueIdentifier>
      <Extensions>rc;ico;cur;bmp;dlg;rc2;rct;bin;rgs;gif;jpg;jpeg;jpe;resx;tiff;tif;png;wav</Extensions>
    </Filter>
    <Filter Include="Header Files\managers">
      <UniqueIdentifier>{ebdb06bf-2884-4ae6-ac90-1b433331905c}</UniqueIdentifier>
    </Filter>
    <Filter Include="Header Files\utility">
      <UniqueIdentifier>{f03b71cd-7641-4c64-8bf7-0cd9df1704e8}</UniqueIdentifier>
    </Filter>
    <Filter Include="Header Files\events">
      <UniqueIdentifier>{77994e31-17e7-4197-aa3b-1c6b119090ab}</UniqueIdentifier>
    </Filter>
    <Filter Include="Header Files\models">
      <UniqueIdentifier>{a8915b30-7d04-45e0-9c6e-6576e3d753b1}</UniqueIdentifier>
    </Filter>
    <Filter Include="Header Files\audio">
      <UniqueIdentifier>{e889823a-f02d-4b6d-9850-0931781810cd}</UniqueIdentifier>
    </Filter>
    <Filter Include="Header Files\sprite">
      <UniqueIdentifier>{9eebcf1a-c3f7-429b-87cf-c71db3910cee}</UniqueIdentifier>
    </Filter>
    <Filter Include="Source Files\audio">
      <UniqueIdentifier>{8856de7d-6c7d-4ab3-b3ef-0aa878b11ced}</UniqueIdentifier>
    </Filter>
    <Filter Include="Source Files\managers">
      <UniqueIdentifier>{39fa61b0-89fb-4633-a8db-5fa25a1955e5}</UniqueIdentifier>
    </Filter>
    <Filter Include="Source Files\models">
      <UniqueIdentifier>{61f79054-7a1c-42a8-8741-953ee5606954}</UniqueIdentifier>
    </Filter>
    <Filter Include="Source Files\events">
      <UniqueIdentifier>{19531c72-56f9-4b6c-bea5-7dab83beaed0}</UniqueIdentifier>
    </Filter>
    <Filter Include="Source Files\sprite">
      <UniqueIdentifier>{f1757b98-0c28-482d-ba46-09c5ab6704bb}</UniqueIdentifier>
    </Filter>
    <Filter Include="Source Files\utility">
      <UniqueIdentifier>{55a0e6ee-f020-4a57-aa55-4319f32f7af4}</UniqueIdentifier>
    </Filter>
  </ItemGroup>
  <ItemGroup>
    <ClCompile Include="src\source\events\Event.cpp">
      <Filter>Source Files\events</Filter>
    </ClCompile>
    <ClCompile Include="src\source\events\EventCollision.cpp">
      <Filter>Source Files\events</Filter>
    </ClCompile>
    <ClCompile Include="src\source\events\EventJoystick.cpp">
      <Filter>Source Files\events</Filter>
    </ClCompile>
    <ClCompile Include="src\source\events\EventKeyboard.cpp">
      <Filter>Source Files\events</Filter>
    </ClCompile>
    <ClCompile Include="src\source\events\EventMouse.cpp">
      <Filter>Source Files\events</Filter>
    </ClCompile>
    <ClCompile Include="src\source\events\EventQuit.cpp">
      <Filter>Source Files\events</Filter>
    </ClCompile>
    <ClCompile Include="src\source\events\EventStep.cpp">
      <Filter>Source Files\events</Filter>
    </ClCompile>
    <ClCompile Include="src\source\managers\GameManager.cpp">
      <Filter>Source Files\managers</Filter>
    </ClCompile>
    <ClCompile Include="src\source\managers\GraphicsManager.cpp">
      <Filter>Source Files\managers</Filter>
    </ClCompile>
    <ClCompile Include="src\source\managers\InputManager.cpp">
      <Filter>Source Files\managers</Filter>
    </ClCompile>
    <ClCompile Include="src\source\managers\LogManager.cpp">
      <Filter>Source Files\managers</Filter>
    </ClCompile>
    <ClCompile Include="src\source\managers\Manager.cpp">
      <Filter>Source Files\managers</Filter>
    </ClCompile>
    <ClCompile Include="src\source\managers\ResourceManager.cpp">
      <Filter>Source Files\managers</Filter>
    </ClCompile>
    <ClCompile Include="src\source\managers\WorldManager.cpp">
      <Filter>Source Files\managers</Filter>
    </ClCompile>
    <ClCompile Include="src\source\models\Object.cpp">
      <Filter>Source Files\models</Filter>
    </ClCompile>
    <ClCompile Include="src\source\models\ObjectNode.cpp">
      <Filter>Source Files\models</Filter>
    </ClCompile>
    <ClCompile Include="src\source\models\ObjectTree.cpp">
      <Filter>Source Files\models</Filter>
    </ClCompile>
    <ClCompile Include="src\source\models\TreeIterator.cpp">
      <Filter>Source Files\models</Filter>
    </ClCompile>
    <ClCompile Include="src\source\audio\Music.cpp">
      <Filter>Source Files\audio</Filter>
    </ClCompile>
    <ClCompile Include="src\source\audio\Sound.cpp">
      <Filter>Source Files\audio</Filter>
    </ClCompile>
    <ClCompile Include="src\source\utility\Clock.cpp">
      <Filter>Source Files\utility</Filter>
    </ClCompile>
    <ClCompile Include="src\source\utility\Input.cpp">
      <Filter>Source Files\utility</Filter>
    </ClCompile>
    <ClCompile Include="src\source\utility\utility.cpp">
      <Filter>Source Files\utility</Filter>
    </ClCompile>
    <ClCompile Include="src\source\sprite\Shape.cpp">
      <Filter>Source Files\sprite</Filter>
    </ClCompile>
    <ClCompile Include="src\source\sprite\Sprite.cpp">
      <Filter>Source Files\sprite</Filter>
    </ClCompile>
    <ClCompile Include="src\include\WorldState.cpp">
      <Filter>Source Files\models</Filter>
    </ClCompile>
  </ItemGroup>
  <ItemGroup>
    <ClInclude Include="src\include\Event.h">
      <Filter>Header Files\events</Filter>
    </ClInclude>
    <ClInclude Include="src\include\EventCollision.h">
      <Filter>Header Files\events</Filter>
    </ClInclude>
    <ClInclude Include="src\include\EventJoystick.h">
      <Filter>Header Files\events</Filter>
    </ClInclude>
    <ClInclude Include="src\include\EventKeyboard.h">
      <Filter>Header Files\events</Filter>
    </ClInclude>
    <ClInclude Include="src\include\EventMouse.h">
      <Filter>Header Files\events</Filter>
    </ClInclude>
    <ClInclude Include="src\include\EventQuit.h">
      <Filter>Header Files\events</Filter>
    </ClInclude>
    <ClInclude Include="src\include\EventStep.h">
      <Filter>Header Files\events</Filter>
    </ClInclude>
    <ClInclude Include="src\include\Clock.h">
      <Filter>Header Files\utility</Filter>
    </ClInclude>
    <ClInclude Include="src\include\Frame.h">
      <Filter>Header Files\sprite</Filter>
    </ClInclude>
    <ClInclude Include="src\include\GameManager.h">
      <Filter>Header Files\managers</Filter>
    </ClInclude>
    <ClInclude Include="src\include\GraphicsManager.h">
      <Filter>Header Files\managers</Filter>
    </ClInclude>
    <ClInclude Include="src\include\InputManager.h">
      <Filter>Header Files\managers</Filter>
    </ClInclude>
    <ClInclude Include="src\include\LogManager.h">
      <Filter>Header Files\managers</Filter>
    </ClInclude>
    <ClInclude Include="src\include\Manager.h">
      <Filter>Header Files\managers</Filter>
    </ClInclude>
    <ClInclude Include="src\include\ResourceManager.h">
      <Filter>Header Files\managers</Filter>
    </ClInclude>
    <ClInclude Include="src\include\WorldManager.h">
      <Filter>Header Files\managers</Filter>
    </ClInclude>
    <ClInclude Include="src\include\Music.h">
      <Filter>Header Files\audio</Filter>
    </ClInclude>
    <ClInclude Include="src\include\Input.h">
      <Filter>Header Files\utility</Filter>
    </ClInclude>
    <ClInclude Include="src\include\Shape.h">
      <Filter>Header Files\sprite</Filter>
    </ClInclude>
    <ClInclude Include="src\include\Sound.h">
      <Filter>Header Files\audio</Filter>
    </ClInclude>
    <ClInclude Include="src\include\Sprite.h">
      <Filter>Header Files\sprite</Filter>
    </ClInclude>
    <ClInclude Include="src\include\utility.h">
      <Filter>Header Files\utility</Filter>
    </ClInclude>
    <ClInclude Include="src\include\WorldState.h">
      <Filter>Header Files\models</Filter>
    </ClInclude>
    <ClInclude Include="src\include\Object.h">
      <Filter>Header Files\models</Filter>
    </ClInclude>
    <ClInclude Include="src\include\ObjectNode.h">
      <Filter>Header Files\models</Filter>
    </ClInclude>
    <ClInclude Include="src\include\ObjectTree.h">
      <Filter>Header Files\models</Filter>
    </ClInclude>
    <ClInclude Include="src\include\TreeIterator.h">
      <Filter>Header Files\models</Filter>
    </ClInclude>
  </ItemGroup>
</Project>